{
  "nodes": {
    "nixpkgs": {
      "flake": false,
      "locked": {
        "lastModified": 1,
        "narHash": "sha256-Os3ZF0akG1vfUtp1ablIGDceBIceVJFGkWftiQd4fGE=",
        "path": "fakeNixpkgs.nix",
        "type": "path"
      },
      "original": {
        "path": "fakeNixpkgs.nix",
        "type": "path"
      }
    },
    "root": {
      "inputs": {
        "nixpkgs": "nixpkgs"
      }
    }
  },
  "root": "root",
  "version": 7
}
